
Microsoft Visual Studio Solution File, Format Version 12.00
# Visual Studio 15
VisualStudioVersion = 15.0.28307.645
MinimumVisualStudioVersion = 10.0.40219.1
Project("{FAE04EC0-301F-11D3-BF4B-00C04F79EFBC}") = "ConfigurationEditor", "ConfigurationEditor\ConfigurationEditor.csproj", "{8F47A909-47FE-4BA5-ABF2-4DB05F913A87}"
EndProject
Global
	GlobalSection(SolutionConfigurationPlatforms) = preSolution
		Debug|Any CPU = Debug|Any CPU
		Release|Any CPU = Release|Any CPU
	EndGlobalSection
	GlobalSection(ProjectConfigurationPlatforms) = postSolution
		{8F47A909-47FE-4BA5-ABF2-4DB05F913A87}.Debug|Any CPU.ActiveCfg = Debug|Any CPU
		{8F47A909-47FE-4BA5-ABF2-4DB05F913A87}.Debug|Any CPU.Build.0 = Debug|Any CPU
		{8F47A909-47FE-4BA5-ABF2-4DB05F913A87}.Release|Any CPU.ActiveCfg = Release|Any CPU
		{8F47A909-47FE-4BA5-ABF2-4DB05F913A87}.Release|Any CPU.Build.0 = Release|Any CPU
	EndGlobalSection
	GlobalSection(SolutionProperties) = preSolution
		HideSolutionNode = FALSE
	EndGlobalSection
	GlobalSection(ExtensibilityGlobals) = postSolution
		SolutionGuid = {D871ED60-E6AE-4406-A749-5A1838B55E4B}
	EndGlobalSection
EndGlobal
